github.com/davecgh/go-spew v1.1.0 h1:ZDRjVQ15GmhC3fiQ8ni8+OwkZQO4DARzQgrnXU1Liz8=
github.com/davecgh/go-spew v1.1.0/go.mod h1:J7Y8YcW2NihsgmVo/mv3lAwl/skON4iLHjSsI+c5H38=
github.com/ganbarodigital/go_envish v1.1.0 h1:P48TamHzPFxVU4/rBeshZxw7l3pdPDRXrOp0038CFhk=
github.com/ganbarodigital/go_envish v1.1.0/go.mod h1:1tfGI/2F9EKkDHC3u/AcK+HML27LrXcHBPV7Za6KsGk=
github.com/ganbarodigital/go_pipe v1.7.0 h1:qNH2DLFM39qzeGkOMvdqNkO/u1qQfv9hDPf+DL/4KzE=
github.com/ganbarodigital/go_pipe v1.7.0/go.mod h1:Ty4U96oL3nkeyfJRWuR7v3z2qE9bMrW4WuXmO6g4t8o=
github.com/ganbarodigital/go_pipe/v2 v2.0.1 h1:p7C8+OXNf8oe3xVl/M/cS/fyb1Sfu3Alvtz1o3uMnI0=
github.com/ganbarodigital/go_pipe/v2 v2.0.1/go.mod h1:6CLtBiuE5zaGEodZI3gA1mQxgpryyatYPGVIoFwGoS8=
github.com/ganbarodigital/go_pipe/v3 v3.0.0 h1:4KiYto4s+9cEKjWphVBP4Rh3V3Av0Bex+tIOM5YJIpk=
github.com/ganbarodigital/go_pipe/v3 v3.0.0/go.mod h1:bcDGp+kpTFSdnAYD95SV55wq8za4hABm5DwsVd8alJQ=
github.com/ganbarodigital/go_pipe/v3 v3.1.0 h1:6ypdXsK7cKEXsx+QmOzEVS7Hyy7VG5URJ0htTluwtKs=
github.com/ganbarodigital/go_pipe/v3 v3.1.0/go.mod h1:ShFNONnEsYhtjX91AUUDJH9W8Wj6gnSljHuOuPy3LyM=
github.com/pmezard/go-difflib v1.0.0 h1:4DBwDE0NGyQoBHbLQYPwSUPoCMWR5BEzIk/f1lZbAQM=
github.com/pmezard/go-difflib v1.0.0/go.mod h1:iKH77koFhYxTK1pcRnkKkqfTogsbg7gZNVY4sRDYZ/4=
github.com/stretchr/objx v0.1.0/go.mod h1:HFkY916IF+rwdDfMAkV7OtwuqBVzrE8GR6GFx+wExME=
github.com/stretchr/testify v1.4.0 h1:2E4SXV/wtOkTonXsotYi4li6zVWxYlZuYNCXe9XRJyk=
github.com/stretchr/testify v1.4.0/go.mod h1:j7eGeouHqKxXV5pUuKE4zz7dFj8WfuZ+81PSLYec5m4=
gopkg.in/check.v1 v0.0.0-20161208181325-20d25e280405/go.mod h1:Co6ibVJAznAaIkqp8huTwlJQCZ016jof/cbN4VW5Yz0=
gopkg.in/yaml.v2 v2.2.2 h1:ZCJp+EgiOT7lHqUV2J862kp8Qj64Jo6az82+3Td9dZw=
gopkg.in/yaml.v2 v2.2.2/go.mod h1:hI93XBmqTisBFMUTm0b8Fm+jr3Dg1NNxqwp+5A1VGuI=
