github.com/davecgh/go-spew v1.1.0 h1:ZDRjVQ15GmhC3fiQ8ni8+OwkZQO4DARzQgrnXU1Liz8=
github.com/davecgh/go-spew v1.1.0/go.mod h1:J7Y8YcW2NihsgmVo/mv3lAwl/skON4iLHjSsI+c5H38=
github.com/ganbarodigital/go_envish/v3 v3.0.1 h1:Vn7w0ZORIOInXKI+DHaPeajDMeI4Ge8Jx6uwxPQGqb0=
github.com/ganbarodigital/go_envish/v3 v3.0.1/go.mod h1:N03YV+jsRS04n+oP8D6uf1Yd6XYW0MH/HA0Btch6dX0=
github.com/ganbarodigital/go_glob v1.0.0 h1:WqTFArtji400U7e84N8qUmUM6L8Rgt2s8ynla6f4D+Q=
github.com/ganbarodigital/go_glob v1.0.0/go.mod h1:6FIc7UJ1CEsvqMDBb5x5y4eY926Bcfbw4YUSbiBiiqM=
github.com/ganbarodigital/go_pipe/v5 v5.2.0 h1:tBSWNvv62Nz922HiaF7KXN6AMqeXuaQLKw2/M0hg2Dc=
github.com/ganbarodigital/go_pipe/v5 v5.2.0/go.mod h1:CdJgaSSDIBpRs7Sw/jsdEyPtmqpJk55M6aYoQkMh6Pk=
github.com/ganbarodigital/go_shellexpand v0.1.0 h1:NIU3syhGIWIGQkKR+itN7YNlqQp6ay4YSuyeU+0Q76M=
github.com/ganbarodigital/go_shellexpand v0.1.0/go.mod h1:vi99uR3k8wGpMfVTuQ4E8+OMMOfFs2CqTCupR+IeXdQ=
github.com/pmezard/go-difflib v1.0.0 h1:4DBwDE0NGyQoBHbLQYPwSUPoCMWR5BEzIk/f1lZbAQM=
github.com/pmezard/go-difflib v1.0.0/go.mod h1:iKH77koFhYxTK1pcRnkKkqfTogsbg7gZNVY4sRDYZ/4=
github.com/stretchr/objx v0.1.0/go.mod h1:HFkY916IF+rwdDfMAkV7OtwuqBVzrE8GR6GFx+wExME=
github.com/stretchr/testify v1.4.0 h1:2E4SXV/wtOkTonXsotYi4li6zVWxYlZuYNCXe9XRJyk=
github.com/stretchr/testify v1.4.0/go.mod h1:j7eGeouHqKxXV5pUuKE4zz7dFj8WfuZ+81PSLYec5m4=
gopkg.in/check.v1 v0.0.0-20161208181325-20d25e280405 h1:yhCVgyC4o1eVCa2tZl7eS0r+SDo693bJlVdllGtEeKM=
gopkg.in/check.v1 v0.0.0-20161208181325-20d25e280405/go.mod h1:Co6ibVJAznAaIkqp8huTwlJQCZ016jof/cbN4VW5Yz0=
gopkg.in/yaml.v2 v2.2.2 h1:ZCJp+EgiOT7lHqUV2J862kp8Qj64Jo6az82+3Td9dZw=
gopkg.in/yaml.v2 v2.2.2/go.mod h1:hI93XBmqTisBFMUTm0b8Fm+jr3Dg1NNxqwp+5A1VGuI=
